{
  "name": "foo",
  "version": "1.0.0",
  "lockfileVersion": 3,
  "requires": true,
  "packages": {
    "": {
      "name": "foo",
      "version": "1.0.0",
      "license": "ISC",
      "dependencies": {
        "@dependabot/dummy-pkg-b": "^1.2.0",
        "left-pad": "^1.0.0"
      }
    },
    "node_modules/@dependabot/dummy-pkg-a": {
      "version": "2.0.0",
      "resolved": "https://registry.npmjs.org/@dependabot/dummy-pkg-a/-/dummy-pkg-a-2.0.0.tgz",
      "integrity": "sha512-kUkqhjyK+9PgJMiwoBrkfX7NTkZiw2s94gGnSRSP1ZFaoBqpwTuvQbZhDCa+mKPgpP5719qsW2YzuSK4RXhGAg==",
      "license": "MIT"
    },
    "node_modules/@dependabot/dummy-pkg-b": {
      "version": "1.2.0",
      "resolved": "https://registry.npmjs.org/@dependabot/dummy-pkg-b/-/dummy-pkg-b-1.2.0.tgz",
      "integrity": "sha512-fATgitB2jmBgmm9smHE2fMdMWZlFUgnVnkGdeZ5llKkgyvsiI3XiIhwiGXGdqaVyMDJshK9PEf5/V/puaZ0m6w==",
      "license": "MIT",
      "dependencies": {
        "@dependabot/dummy-pkg-a": "^2.0.0"
      }
    },
    "node_modules/left-pad": {
      "version": "1.0.0",
      "resolved": "https://registry.npmjs.org/left-pad/-/left-pad-1.0.0.tgz",
      "integrity": "sha512-Xvly4CWfzT+7TGZRB2Qd7ub2dmJDomZCNf3BuT3XXfrNerQHtta82NNhbvToU4Qiz7IHrg21YB3UpL/6npCtmg==",
      "deprecated": "use String.prototype.padStart()"
    }
  }
}
