{
  "name": "locked-transitive-dependency-removed",
  "version": "1.0.0",
  "lockfileVersion": 2,
  "requires": true,
  "packages": {
    "": {
      "name": "locked-transitive-dependency-removed",
      "version": "1.0.0",
      "license": "ISC",
      "dependencies": {
        "@dependabot-fixtures/npm-remove-dependency": "^10.0.1"
      }
    },
    "node_modules/@dependabot-fixtures/npm-remove-dependency": {
      "version": "10.0.1",
      "resolved": "https://registry.npmjs.org/@dependabot-fixtures/npm-remove-dependency/-/npm-remove-dependency-10.0.1.tgz",
      "integrity": "sha512-acz1nPaB5TR8A5FBmOyZcYE8YQVs5TwrSGtqCyT0hbKJPtDYBt8yxRdbgC36fPrP/4JZn++bvaohG7IQq6NrPA==",
      "license": "ISC"
    }
  },
  "dependencies": {
    "@dependabot-fixtures/npm-remove-dependency": {
      "version": "10.0.1",
      "resolved": "https://registry.npmjs.org/@dependabot-fixtures/npm-remove-dependency/-/npm-remove-dependency-10.0.1.tgz",
      "integrity": "sha512-acz1nPaB5TR8A5FBmOyZcYE8YQVs5TwrSGtqCyT0hbKJPtDYBt8yxRdbgC36fPrP/4JZn++bvaohG7IQq6NrPA=="
    }
  }
}
